
Microsoft Visual Studio Solution File, Format Version 12.00
# Visual Studio Version 16
VisualStudioVersion = 16.0.30406.217
MinimumVisualStudioVersion = 10.0.40219.1
Project("{FAE04EC0-301F-11D3-BF4B-00C04F79EFBC}") = "APITestFramework", "APITestFramework.csproj", "{6F4B4484-B13D-4200-895A-45CB171CA4CF}"
EndProject
Global
	GlobalSection(SolutionConfigurationPlatforms) = preSolution
		Debug|Any CPU = Debug|Any CPU
		Release|Any CPU = Release|Any CPU
	EndGlobalSection
	GlobalSection(ProjectConfigurationPlatforms) = postSolution
		{6F4B4484-B13D-4200-895A-45CB171CA4CF}.Debug|Any CPU.ActiveCfg = Debug|Any CPU
		{6F4B4484-B13D-4200-895A-45CB171CA4CF}.Debug|Any CPU.Build.0 = Debug|Any CPU
		{6F4B4484-B13D-4200-895A-45CB171CA4CF}.Release|Any CPU.ActiveCfg = Release|Any CPU
		{6F4B4484-B13D-4200-895A-45CB171CA4CF}.Release|Any CPU.Build.0 = Release|Any CPU
	EndGlobalSection
	GlobalSection(SolutionProperties) = preSolution
		HideSolutionNode = FALSE
	EndGlobalSection
	GlobalSection(ExtensibilityGlobals) = postSolution
		SolutionGuid = {3EA6DBA7-7AA3-4B8B-B85B-B7BE9161AA35}
	EndGlobalSection
EndGlobal
